<?xml version="1.0" encoding="UTF-8" standalone="yes" ?>
<CodeBlocks_project_file>
	<FileVersion major="1" minor="6" />
	<Project>
		<Option title="Trabalho_Disciplina" />
		<Option pch_mode="2" />
		<Option compiler="gcc" />
		<Build>
			<Target title="Debug">
				<Option output="bin/Debug/Trabalho_1" prefix_auto="1" extension_auto="1" />
				<Option object_output="obj/Debug/" />
				<Option type="1" />
				<Option compiler="gcc" />
				<Option use_console_runner="0" />
				<Compiler>
					<Add option="-std=c++11" />
					<Add option="-g" />
				</Compiler>
			</Target>
			<Target title="Release">
				<Option output="bin/Release/Trabalho_1" prefix_auto="1" extension_auto="1" />
				<Option object_output="obj/Release/" />
				<Option type="1" />
				<Option compiler="gcc" />
				<Compiler>
					<Add option="-O2" />
				</Compiler>
				<Linker>
					<Add option="-s" />
				</Linker>
			</Target>
		</Build>
		<Compiler>
			<Add option="-Wall" />
			<Add option="-fexceptions" />
		</Compiler>
		<Unit filename="Codificação/Bibliotecas/Apresentacao/Aplicacao/Aplicacao.hpp" />
		<Unit filename="Codificação/Bibliotecas/Apresentacao/CtrlAut/AAut.hpp" />
		<Unit filename="Codificação/Bibliotecas/Apresentacao/CtrlEst/ACmdConLivro.hpp" />
		<Unit filename="Codificação/Bibliotecas/Apresentacao/CtrlEst/ACmdConUsuario.hpp" />
		<Unit filename="Codificação/Bibliotecas/Apresentacao/CtrlEst/ACmdCriarResenha.hpp" />
		<Unit filename="Codificação/Bibliotecas/Apresentacao/CtrlEst/ACmdIncluir.hpp" />
		<Unit filename="Codificação/Bibliotecas/Apresentacao/CtrlEst/ACmdProcurar.hpp" />
		<Unit filename="Codificação/Bibliotecas/Apresentacao/CtrlEst/ACmdRemover.hpp" />
		<Unit filename="Codificação/Bibliotecas/Apresentacao/CtrlEst/ACmdSinTroca.hpp" />
		<Unit filename="Codificação/Bibliotecas/Apresentacao/CtrlEst/AEst.hpp" />
		<Unit filename="Codificação/Bibliotecas/Apresentacao/CtrlUsu/AUsu.hpp" />
		<Unit filename="Codificação/Bibliotecas/Apresentacao/TUI.hpp" />
		<Unit filename="Codificação/Bibliotecas/Dominio/Apelido.hpp" />
		<Unit filename="Codificação/Bibliotecas/Dominio/Codigo.hpp" />
		<Unit filename="Codificação/Bibliotecas/Dominio/Data.hpp" />
		<Unit filename="Codificação/Bibliotecas/Dominio/DominioBase.hpp" />
		<Unit filename="Codificação/Bibliotecas/Dominio/GeneroLiterario.hpp" />
		<Unit filename="Codificação/Bibliotecas/Dominio/Nome.hpp" />
		<Unit filename="Codificação/Bibliotecas/Dominio/Senha.hpp" />
		<Unit filename="Codificação/Bibliotecas/Dominio/Telefone.hpp" />
		<Unit filename="Codificação/Bibliotecas/Dominio/Texto.hpp" />
		<Unit filename="Codificação/Bibliotecas/Dominio/Titulo.hpp" />
		<Unit filename="Codificação/Bibliotecas/Entidade/Livro.hpp" />
		<Unit filename="Codificação/Bibliotecas/Entidade/Log.hpp" />
		<Unit filename="Codificação/Bibliotecas/Entidade/Login.hpp" />
		<Unit filename="Codificação/Bibliotecas/Entidade/Resenha.hpp" />
		<Unit filename="Codificação/Bibliotecas/Entidade/Resultado.hpp" />
		<Unit filename="Codificação/Bibliotecas/Entidade/Usuario.hpp" />
		<Unit filename="Codificação/Bibliotecas/Interfaces/InterCmdEst.hpp" />
		<Unit filename="Codificação/Bibliotecas/Interfaces/InterFunc.hpp" />
		<Unit filename="Codificação/Bibliotecas/Interfaces/InterSAut.hpp" />
		<Unit filename="Codificação/Bibliotecas/Interfaces/InterSEst.hpp" />
		<Unit filename="Codificação/Bibliotecas/Interfaces/InterSUsu.hpp" />
		<Unit filename="Codificação/Bibliotecas/Interfaces/InterServ.hpp" />
		<Unit filename="Codificação/Bibliotecas/Principal.hpp" />
		<Unit filename="Codificação/Bibliotecas/Utilidades/Manipulacao.hpp" />
		<Unit filename="Codificação/Bibliotecas/Utilidades/Mensagem.hpp" />
		<Unit filename="Codificação/Bibliotecas/Utilidades/TesteUnitario.hpp" />
		<Unit filename="Codificação/Bibliotecas_Tst/Apresentacao_Tst/Aplicacao_Tst/Aplicacao_Tst.hpp">
			<Option target="Debug" />
		</Unit>
		<Unit filename="Codificação/Bibliotecas_Tst/Apresentacao_Tst/CtrlAut_Tst/AAut_tst.hpp">
			<Option target="Debug" />
		</Unit>
		<Unit filename="Codificação/Bibliotecas_Tst/Apresentacao_Tst/CtrlEst_Tst/AEst_Tst.hpp">
			<Option target="Debug" />
		</Unit>
		<Unit filename="Codificação/Bibliotecas_Tst/Apresentacao_Tst/CtrlUsu_Tst/AUsu_Tst.hpp">
			<Option target="Debug" />
		</Unit>
		<Unit filename="Codificação/Bibliotecas_Tst/AtivaTeste.hpp">
			<Option target="Debug" />
		</Unit>
		<Unit filename="Codificação/Bibliotecas_Tst/Dominio_Tst/Apelido_Tst.hpp">
			<Option target="Debug" />
		</Unit>
		<Unit filename="Codificação/Bibliotecas_Tst/Dominio_Tst/Codigo_Tst.hpp">
			<Option target="Debug" />
		</Unit>
		<Unit filename="Codificação/Bibliotecas_Tst/Dominio_Tst/Data_Tst.hpp">
			<Option target="Debug" />
		</Unit>
		<Unit filename="Codificação/Bibliotecas_Tst/Dominio_Tst/DominioBase_Tst.hpp">
			<Option target="Debug" />
		</Unit>
		<Unit filename="Codificação/Bibliotecas_Tst/Dominio_Tst/GeneroLiterario_Tst.hpp">
			<Option target="Debug" />
		</Unit>
		<Unit filename="Codificação/Bibliotecas_Tst/Dominio_Tst/Nome_Tst.hpp">
			<Option target="Debug" />
		</Unit>
		<Unit filename="Codificação/Bibliotecas_Tst/Dominio_Tst/Senha_Tst.hpp">
			<Option target="Debug" />
		</Unit>
		<Unit filename="Codificação/Bibliotecas_Tst/Dominio_Tst/Telefone_Tst.hpp">
			<Option target="Debug" />
		</Unit>
		<Unit filename="Codificação/Bibliotecas_Tst/Dominio_Tst/Texto_Tst.hpp">
			<Option target="Debug" />
		</Unit>
		<Unit filename="Codificação/Bibliotecas_Tst/Dominio_Tst/Titulo_Tst.hpp">
			<Option target="Debug" />
		</Unit>
		<Unit filename="Codificação/Bibliotecas_Tst/Entidade_Tst/Livro_Tst.hpp">
			<Option target="Debug" />
		</Unit>
		<Unit filename="Codificação/Bibliotecas_Tst/Entidade_Tst/Login_Tst.hpp">
			<Option target="Debug" />
		</Unit>
		<Unit filename="Codificação/Bibliotecas_Tst/Entidade_Tst/Resenha_Tst.hpp">
			<Option target="Debug" />
		</Unit>
		<Unit filename="Codificação/Bibliotecas_Tst/Entidade_Tst/Usuario_Tst.hpp">
			<Option target="Debug" />
		</Unit>
		<Unit filename="Codificação/Bibliotecas_Tst/Servico_Tst/ServAut_Tst.hpp">
			<Option target="Debug" />
		</Unit>
		<Unit filename="Codificação/Bibliotecas_Tst/Servico_Tst/ServEst_Tst.hpp">
			<Option target="Debug" />
		</Unit>
		<Unit filename="Codificação/Bibliotecas_Tst/Servico_Tst/ServUsu_Tst.hpp">
			<Option target="Debug" />
		</Unit>
		<Unit filename="Codificação/Bibliotecas_Tst/TesteClasse.hpp">
			<Option target="Debug" />
		</Unit>
		<Unit filename="Codificação/Fontes/Apresentacao/Aplicacao/Aplicacao.cpp" />
		<Unit filename="Codificação/Fontes/Apresentacao/CtrlAut/AAut.cpp" />
		<Unit filename="Codificação/Fontes/Apresentacao/CtrlEst/ACmdConLivro.cpp" />
		<Unit filename="Codificação/Fontes/Apresentacao/CtrlEst/ACmdConUsuario.cpp" />
		<Unit filename="Codificação/Fontes/Apresentacao/CtrlEst/ACmdCriarResenha.cpp" />
		<Unit filename="Codificação/Fontes/Apresentacao/CtrlEst/ACmdIncluir.cpp" />
		<Unit filename="Codificação/Fontes/Apresentacao/CtrlEst/ACmdProcurar.cpp" />
		<Unit filename="Codificação/Fontes/Apresentacao/CtrlEst/ACmdRemover.cpp" />
		<Unit filename="Codificação/Fontes/Apresentacao/CtrlEst/ACmdSinTroca.cpp" />
		<Unit filename="Codificação/Fontes/Apresentacao/CtrlEst/AEst.cpp" />
		<Unit filename="Codificação/Fontes/Apresentacao/CtrlUsu/AUsu.cpp" />
		<Unit filename="Codificação/Fontes/Apresentacao/TUI.cpp" />
		<Unit filename="Codificação/Fontes/Dominio/Apelido.cpp" />
		<Unit filename="Codificação/Fontes/Dominio/Codigo.cpp" />
		<Unit filename="Codificação/Fontes/Dominio/Data.cpp" />
		<Unit filename="Codificação/Fontes/Dominio/DominioBase.cpp" />
		<Unit filename="Codificação/Fontes/Dominio/GeneroLiterario.cpp" />
		<Unit filename="Codificação/Fontes/Dominio/Nome.cpp" />
		<Unit filename="Codificação/Fontes/Dominio/Senha.cpp" />
		<Unit filename="Codificação/Fontes/Dominio/Telefone.cpp" />
		<Unit filename="Codificação/Fontes/Dominio/Texto.cpp" />
		<Unit filename="Codificação/Fontes/Dominio/Titulo.cpp" />
		<Unit filename="Codificação/Fontes/Entidade/Livro.cpp" />
		<Unit filename="Codificação/Fontes/Entidade/Log.cpp" />
		<Unit filename="Codificação/Fontes/Entidade/Login.cpp" />
		<Unit filename="Codificação/Fontes/Entidade/Resenha.cpp" />
		<Unit filename="Codificação/Fontes/Entidade/Resultado.cpp" />
		<Unit filename="Codificação/Fontes/Entidade/Usuario.cpp" />
		<Unit filename="Codificação/Fontes/Principal.cpp" />
		<Unit filename="Codificação/Fontes/Utilidades/Manipulacao.cpp" />
		<Unit filename="Codificação/Fontes/Utilidades/Mensagem.cpp" />
		<Unit filename="Codificação/Fontes/Utilidades/TesteUnitario.cpp" />
		<Unit filename="Codificação/Fontes_Tst/Apresentacao_Tst/Aplicacao_Tst/Aplicacao_Tst.cpp">
			<Option target="Debug" />
		</Unit>
		<Unit filename="Codificação/Fontes_Tst/Apresentacao_Tst/CtrlAut_Tst/AAut_Tst.cpp">
			<Option target="Debug" />
		</Unit>
		<Unit filename="Codificação/Fontes_Tst/Apresentacao_Tst/CtrlEst_Tst/AEst_Tst.cpp">
			<Option target="Debug" />
		</Unit>
		<Unit filename="Codificação/Fontes_Tst/Apresentacao_Tst/CtrlUsu_Tst/AUsu_Tst.cpp">
			<Option target="Debug" />
		</Unit>
		<Unit filename="Codificação/Fontes_Tst/Dominio_Tst/Apelido_Tst.cpp">
			<Option target="Debug" />
		</Unit>
		<Unit filename="Codificação/Fontes_Tst/Dominio_Tst/Codigo_Tst.cpp">
			<Option target="Debug" />
		</Unit>
		<Unit filename="Codificação/Fontes_Tst/Dominio_Tst/Data_Tst.cpp">
			<Option target="Debug" />
		</Unit>
		<Unit filename="Codificação/Fontes_Tst/Dominio_Tst/DominioBase_Tst.cpp">
			<Option target="Debug" />
		</Unit>
		<Unit filename="Codificação/Fontes_Tst/Dominio_Tst/GeneroLiterario_Tst.cpp">
			<Option target="Debug" />
		</Unit>
		<Unit filename="Codificação/Fontes_Tst/Dominio_Tst/Nome_Tst.cpp">
			<Option target="Debug" />
		</Unit>
		<Unit filename="Codificação/Fontes_Tst/Dominio_Tst/Senha_Tst.cpp">
			<Option target="Debug" />
		</Unit>
		<Unit filename="Codificação/Fontes_Tst/Dominio_Tst/Telefone_Tst.cpp">
			<Option target="Debug" />
		</Unit>
		<Unit filename="Codificação/Fontes_Tst/Dominio_Tst/Texto_Tst.cpp">
			<Option target="Debug" />
		</Unit>
		<Unit filename="Codificação/Fontes_Tst/Dominio_Tst/Titulo_Tst.cpp">
			<Option target="Debug" />
		</Unit>
		<Unit filename="Codificação/Fontes_Tst/Entidade_Tst/Livro_Tst.cpp">
			<Option target="Debug" />
		</Unit>
		<Unit filename="Codificação/Fontes_Tst/Entidade_Tst/Login_Tst.cpp">
			<Option target="Debug" />
		</Unit>
		<Unit filename="Codificação/Fontes_Tst/Entidade_Tst/Resenha_Tst.cpp">
			<Option target="Debug" />
		</Unit>
		<Unit filename="Codificação/Fontes_Tst/Entidade_Tst/Usuario_Tst.cpp">
			<Option target="Debug" />
		</Unit>
		<Unit filename="Codificação/Fontes_Tst/Servico_Tst/ServAut_Tst.cpp">
			<Option target="Debug" />
		</Unit>
		<Unit filename="Codificação/Fontes_Tst/Servico_Tst/ServEst_Tst.cpp">
			<Option target="Debug" />
		</Unit>
		<Unit filename="Codificação/Fontes_Tst/Servico_Tst/ServUsu_Tst.cpp">
			<Option target="Debug" />
		</Unit>
		<Unit filename="Codificação/Fontes_Tst/TesteClasse.cpp">
			<Option target="Debug" />
		</Unit>
		<Extensions>
			<code_completion />
			<envvars />
			<lib_finder disable_auto="1" />
			<debugger />
			<DoxyBlocks>
				<comment_style block="0" line="0" />
				<doxyfile_project output_directory="Documentação/Codificação" output_language="Portuguese" />
				<doxyfile_build />
				<doxyfile_warnings warn_if_undocumented="1" />
				<doxyfile_output />
				<doxyfile_dot />
				<general />
			</DoxyBlocks>
		</Extensions>
	</Project>
</CodeBlocks_project_file>
